lockfileVersion: '6.0'

settings:
  autoInstallPeers: true
  excludeLinksFromLockfile: false

devDependencies:
  '@types/react-jsonschema-form':
    specifier: ^1.7.8
    version: 1.7.8

packages:

  /@types/json-schema@7.0.12:
    resolution: {integrity: sha512-Hr5Jfhc9eYOQNPYO5WLDq/n4jqijdHNlDXjuAQkkt+mWdQR+XJToOHrsD4cPaMXpn6KO7y2+wM8AZEs8VpBLVA==}
    dev: true

  /@types/prop-types@15.7.5:
    resolution: {integrity: sha512-JCB8C6SnDoQf0cNycqd/35A7MjcnK+ZTqE7judS6o7utxUCg6imJg3QK2qzHKszlTjcj2cn+NwMB2i96ubpj7w==}
    dev: true

  /@types/react-jsonschema-form@1.7.8:
    resolution: {integrity: sha512-oFyNOa8VDSt1jGN4r+prTFD2hojZBsqLoTkRfo+XvANR3taLUeMJlGhtOP+hpi/k19OxpEb24TZciMmQyPZ9TA==}
    dependencies:
      '@types/json-schema': 7.0.12
      '@types/react': 18.2.12
    dev: true

  /@types/react@18.2.12:
    resolution: {integrity: sha512-ndmBMLCgn38v3SntMeoJaIrO6tGHYKMEBohCUmw8HoLLQdRMOIGXfeYaBTLe2lsFaSB3MOK1VXscYFnmLtTSmw==}
    dependencies:
      '@types/prop-types': 15.7.5
      '@types/scheduler': 0.16.3
      csstype: 3.1.2
    dev: true

  /@types/scheduler@0.16.3:
    resolution: {integrity: sha512-5cJ8CB4yAx7BH1oMvdU0Jh9lrEXyPkar6F9G/ERswkCuvP4KQZfZkSjcMbAICCpQTN4OuZn8tz0HiKv9TGZgrQ==}
    dev: true

  /csstype@3.1.2:
    resolution: {integrity: sha512-I7K1Uu0MBPzaFKg4nI5Q7Vs2t+3gWWW648spaF+Rg7pI9ds18Ugn+lvg4SHczUdKlHI5LWBXyqfS8+DufyBsgQ==}
    dev: true
